
Microsoft Visual Studio Solution File, Format Version 12.00
# Visual Studio Version 17
VisualStudioVersion = 17.6.33712.159
MinimumVisualStudioVersion = 10.0.40219.1
Project("{FAE04EC0-301F-11D3-BF4B-00C04F79EFBC}") = "FirstTryCreateApp", "FirstTryCreateApp\FirstTryCreateApp.csproj", "{164A7E75-1967-4730-95F3-8CF25C643E6E}"
EndProject
Global
	GlobalSection(SolutionConfigurationPlatforms) = preSolution
		Debug|Any CPU = Debug|Any CPU
		Release|Any CPU = Release|Any CPU
	EndGlobalSection
	GlobalSection(ProjectConfigurationPlatforms) = postSolution
		{164A7E75-1967-4730-95F3-8CF25C643E6E}.Debug|Any CPU.ActiveCfg = Debug|Any CPU
		{164A7E75-1967-4730-95F3-8CF25C643E6E}.Debug|Any CPU.Build.0 = Debug|Any CPU
		{164A7E75-1967-4730-95F3-8CF25C643E6E}.Release|Any CPU.ActiveCfg = Release|Any CPU
		{164A7E75-1967-4730-95F3-8CF25C643E6E}.Release|Any CPU.Build.0 = Release|Any CPU
	EndGlobalSection
	GlobalSection(SolutionProperties) = preSolution
		HideSolutionNode = FALSE
	EndGlobalSection
	GlobalSection(ExtensibilityGlobals) = postSolution
		SolutionGuid = {4C5EAFD3-D084-48DB-A5D1-48D2546AF6D8}
	EndGlobalSection
EndGlobal
